{
  "name": "fake-backend",
  "version": "1.0.0",
  "lockfileVersion": 1,
  "requires": true,
  "dependencies": {
    "async-limiter": {
      "version": "1.0.0",
      "resolved": "https://registry.npmjs.org/async-limiter/-/async-limiter-1.0.0.tgz",
      "integrity": "sha1-ePrtjD0HSrgfIrTphdeehzj3IPg=",
      "dev": true
    },
    "nodeblues": {
      "version": "1.3.1",
      "resolved": "https://registry.npmjs.org/nodeblues/-/nodeblues-1.3.1.tgz",
      "integrity": "sha512-aKNa2CTH/LFzlLDXm9FfFBxH3U6EaiDRz+Ggw6nzE7NiRItPLMywsqrGr3PyNQVz286SfZKVCaGukzvF8TCHgQ==",
      "dev": true,
      "requires": {
        "on-build-webpack": "0.1.0",
        "ws": "3.3.2"
      }
    },
    "on-build-webpack": {
      "version": "0.1.0",
      "resolved": "https://registry.npmjs.org/on-build-webpack/-/on-build-webpack-0.1.0.tgz",
      "integrity": "sha1-oofA4Xdm5hQZJuXyy7DYu1O3aBQ=",
      "dev": true
    },
    "safe-buffer": {
      "version": "5.1.1",
      "resolved": "https://registry.npmjs.org/safe-buffer/-/safe-buffer-5.1.1.tgz",
      "integrity": "sha1-iTMSr2myEj3vcfV4iQAWce6yyFM=",
      "dev": true
    },
    "ultron": {
      "version": "1.1.1",
      "resolved": "https://registry.npmjs.org/ultron/-/ultron-1.1.1.tgz",
      "integrity": "sha1-n+FTahCmZKZSZqHjzPhf02MCvJw=",
      "dev": true
    },
    "ws": {
      "version": "3.3.2",
      "resolved": "https://registry.npmjs.org/ws/-/ws-3.3.2.tgz",
      "integrity": "sha1-lsHQiz/v2h1cHjNwDTv6qb4tVgg=",
      "dev": true,
      "requires": {
        "async-limiter": "1.0.0",
        "safe-buffer": "5.1.1",
        "ultron": "1.1.1"
      }
    }
  }
}
